
Microsoft Visual Studio Solution File, Format Version 12.00
# Visual Studio Version 17
VisualStudioVersion = 17.14.36408.4 d17.14
MinimumVisualStudioVersion = 10.0.40219.1
Project("{888888A0-9F3D-457C-B088-3A5042F75D52}") = "xTool Stable Diffusion Project", "xTool Stable Diffusion Project.pyproj", "{387CDC59-D487-42F2-90E1-D9ABDDBE5F19}"
EndProject
Global
	GlobalSection(SolutionConfigurationPlatforms) = preSolution
		Debug|Any CPU = Debug|Any CPU
		Release|Any CPU = Release|Any CPU
	EndGlobalSection
	GlobalSection(ProjectConfigurationPlatforms) = postSolution
		{387CDC59-D487-42F2-90E1-D9ABDDBE5F19}.Debug|Any CPU.ActiveCfg = Debug|Any CPU
		{387CDC59-D487-42F2-90E1-D9ABDDBE5F19}.Release|Any CPU.ActiveCfg = Release|Any CPU
	EndGlobalSection
	GlobalSection(SolutionProperties) = preSolution
		HideSolutionNode = FALSE
	EndGlobalSection
	GlobalSection(ExtensibilityGlobals) = postSolution
		SolutionGuid = {20C501F8-3BBB-4BA6-9027-0139720AD34F}
	EndGlobalSection
EndGlobal
